
Microsoft Visual Studio Solution File, Format Version 12.00
# Visual Studio Version 17
VisualStudioVersion = 17.4.33213.308
MinimumVisualStudioVersion = 10.0.40219.1
Project("{FAE04EC0-301F-11D3-BF4B-00C04F79EFBC}") = "ConsoleApp1", "ConsoleApp1\ConsoleApp1.csproj", "{F84C0A32-AC99-4261-9116-37CD33FB2B48}"
EndProject
Global
	GlobalSection(SolutionConfigurationPlatforms) = preSolution
		Debug|Any CPU = Debug|Any CPU
		Release|Any CPU = Release|Any CPU
	EndGlobalSection
	GlobalSection(ProjectConfigurationPlatforms) = postSolution
		{F84C0A32-AC99-4261-9116-37CD33FB2B48}.Debug|Any CPU.ActiveCfg = Debug|Any CPU
		{F84C0A32-AC99-4261-9116-37CD33FB2B48}.Debug|Any CPU.Build.0 = Debug|Any CPU
		{F84C0A32-AC99-4261-9116-37CD33FB2B48}.Release|Any CPU.ActiveCfg = Release|Any CPU
		{F84C0A32-AC99-4261-9116-37CD33FB2B48}.Release|Any CPU.Build.0 = Release|Any CPU
	EndGlobalSection
	GlobalSection(SolutionProperties) = preSolution
		HideSolutionNode = FALSE
	EndGlobalSection
	GlobalSection(ExtensibilityGlobals) = postSolution
		SolutionGuid = {BEAABF85-255D-4C47-90D0-EC9E0F505820}
	EndGlobalSection
EndGlobal
